
Microsoft Visual Studio Solution File, Format Version 12.00
# Visual Studio Version 16
VisualStudioVersion = 16.0.31729.503
MinimumVisualStudioVersion = 10.0.40219.1
Project("{FAE04EC0-301F-11D3-BF4B-00C04F79EFBC}") = "SUBLIMACION", "SUBLIMACION\SUBLIMACION.csproj", "{89D05235-76A3-48A9-AB40-4BED42030C7B}"
EndProject
Global
	GlobalSection(SolutionConfigurationPlatforms) = preSolution
		Debug|Any CPU = Debug|Any CPU
		Release|Any CPU = Release|Any CPU
	EndGlobalSection
	GlobalSection(ProjectConfigurationPlatforms) = postSolution
		{89D05235-76A3-48A9-AB40-4BED42030C7B}.Debug|Any CPU.ActiveCfg = Debug|Any CPU
		{89D05235-76A3-48A9-AB40-4BED42030C7B}.Debug|Any CPU.Build.0 = Debug|Any CPU
		{89D05235-76A3-48A9-AB40-4BED42030C7B}.Release|Any CPU.ActiveCfg = Release|Any CPU
		{89D05235-76A3-48A9-AB40-4BED42030C7B}.Release|Any CPU.Build.0 = Release|Any CPU
	EndGlobalSection
	GlobalSection(SolutionProperties) = preSolution
		HideSolutionNode = FALSE
	EndGlobalSection
	GlobalSection(ExtensibilityGlobals) = postSolution
		SolutionGuid = {971C62A3-9191-4F81-BACC-FBB0F71BC839}
	EndGlobalSection
EndGlobal
